{
  "name": "client",
  "lockfileVersion": 2,
  "requires": true,
  "packages": {
    "": {
      "dependencies": {
        "clamav.js": "^0.12.0"
      }
    },
    "node_modules/clamav.js": {
      "version": "0.12.0",
      "resolved": "https://registry.npmjs.org/clamav.js/-/clamav.js-0.12.0.tgz",
      "integrity": "sha1-9lTr0tEMcHy199RFOIWs2I0nMfc="
    }
  },
  "dependencies": {
    "clamav.js": {
      "version": "0.12.0",
      "resolved": "https://registry.npmjs.org/clamav.js/-/clamav.js-0.12.0.tgz",
      "integrity": "sha1-9lTr0tEMcHy199RFOIWs2I0nMfc="
    }
  }
}
